Microsoft Visual Studio Solution File, Format Version 11.00
# Visual Studio 2010
Project("{FAE04EC0-301F-11D3-BF4B-00C04F79EFBC}") = "Assembly-CSharp", "Assembly-CSharp.csproj", "{503F5C87-E252-1F4B-A251-439B20755B30}"
EndProject
Project("{FAE04EC0-301F-11D3-BF4B-00C04F79EFBC}") = "Assembly-CSharp-firstpass", "Assembly-CSharp-firstpass.csproj", "{91100616-63D3-9E8C-5860-B8BD89078BC8}"
EndProject
Project("{FAE04EC0-301F-11D3-BF4B-00C04F79EFBC}") = "Assembly-CSharp-Editor-firstpass", "Assembly-CSharp-Editor-firstpass.csproj", "{55F11DD1-E749-BD68-B998-4E02CD448033}"
EndProject
Global
	GlobalSection(SolutionConfigurationPlatforms) = preSolution
		Debug|Any CPU = Debug|Any CPU
		Release|Any CPU = Release|Any CPU
	EndGlobalSection
	GlobalSection(ProjectConfigurationPlatforms) = postSolution
		{503F5C87-E252-1F4B-A251-439B20755B30}.Debug|Any CPU.ActiveCfg = Debug|Any CPU
		{503F5C87-E252-1F4B-A251-439B20755B30}.Debug|Any CPU.Build.0 = Debug|Any CPU
		{503F5C87-E252-1F4B-A251-439B20755B30}.Release|Any CPU.ActiveCfg = Release|Any CPU
		{503F5C87-E252-1F4B-A251-439B20755B30}.Release|Any CPU.Build.0 = Release|Any CPU
		{91100616-63D3-9E8C-5860-B8BD89078BC8}.Debug|Any CPU.ActiveCfg = Debug|Any CPU
		{91100616-63D3-9E8C-5860-B8BD89078BC8}.Debug|Any CPU.Build.0 = Debug|Any CPU
		{91100616-63D3-9E8C-5860-B8BD89078BC8}.Release|Any CPU.ActiveCfg = Release|Any CPU
		{91100616-63D3-9E8C-5860-B8BD89078BC8}.Release|Any CPU.Build.0 = Release|Any CPU
		{55F11DD1-E749-BD68-B998-4E02CD448033}.Debug|Any CPU.ActiveCfg = Debug|Any CPU
		{55F11DD1-E749-BD68-B998-4E02CD448033}.Debug|Any CPU.Build.0 = Debug|Any CPU
		{55F11DD1-E749-BD68-B998-4E02CD448033}.Release|Any CPU.ActiveCfg = Release|Any CPU
		{55F11DD1-E749-BD68-B998-4E02CD448033}.Release|Any CPU.Build.0 = Release|Any CPU
	EndGlobalSection
	GlobalSection(SolutionProperties) = preSolution
		HideSolutionNode = FALSE
	EndGlobalSection
	GlobalSection(MonoDevelopProperties) = preSolution
		StartupItem = Assembly-CSharp.csproj
	EndGlobalSection
EndGlobal
