Microsoft Visual Studio Solution File, Format Version 11.00
# Visual Studio 2010
Project("{FAE04EC0-301F-11D3-BF4B-00C04F79EFBC}") = "Assembly-CSharp", "Assembly-CSharp.csproj", "{42A1BCD3-7603-CFA0-FE05-84B35BD19D2B}"
EndProject
Project("{FAE04EC0-301F-11D3-BF4B-00C04F79EFBC}") = "Assembly-CSharp-firstpass", "Assembly-CSharp-firstpass.csproj", "{D4B58405-B7E3-446C-46ED-44BC6D5BC5D4}"
EndProject
Project("{FAE04EC0-301F-11D3-BF4B-00C04F79EFBC}") = "PhotonUnityNetworking.Demos", "PhotonUnityNetworking.Demos.csproj", "{3F6A51CE-D7DF-C965-2E0E-C32C2C4A36AB}"
EndProject
Project("{FAE04EC0-301F-11D3-BF4B-00C04F79EFBC}") = "PhotonUnityNetworking.Utilities", "PhotonUnityNetworking.Utilities.csproj", "{757BA025-2305-0342-91A2-05031A556765}"
EndProject
Project("{FAE04EC0-301F-11D3-BF4B-00C04F79EFBC}") = "PhotonChat", "PhotonChat.csproj", "{CF9425E7-1E4C-DD3A-3C9F-6A2CBF9DFD51}"
EndProject
Project("{FAE04EC0-301F-11D3-BF4B-00C04F79EFBC}") = "PhotonUnityNetworking", "PhotonUnityNetworking.csproj", "{E6C41305-0B9D-9CE3-5065-B5E9F833A1F0}"
EndProject
Project("{FAE04EC0-301F-11D3-BF4B-00C04F79EFBC}") = "PhotonRealtime", "PhotonRealtime.csproj", "{4B3B22DA-C2B9-E6BC-47AA-18EF5ACE6F15}"
EndProject
Project("{FAE04EC0-301F-11D3-BF4B-00C04F79EFBC}") = "PhotonWebSocket", "PhotonWebSocket.csproj", "{F6CD9594-26D7-0C37-0342-018AC99BFC15}"
EndProject
Project("{FAE04EC0-301F-11D3-BF4B-00C04F79EFBC}") = "Assembly-CSharp-Editor-firstpass", "Assembly-CSharp-Editor-firstpass.csproj", "{42CACA43-96CA-A13F-816E-B9BA2FD07E38}"
EndProject
Project("{FAE04EC0-301F-11D3-BF4B-00C04F79EFBC}") = "PhotonUnityNetworking.Editor", "PhotonUnityNetworking.Editor.csproj", "{9FECAEFB-D69E-1044-F58A-157449EF76E5}"
EndProject
Project("{FAE04EC0-301F-11D3-BF4B-00C04F79EFBC}") = "PunDemos.DemoHubEditor", "PunDemos.DemoHubEditor.csproj", "{51E21DCC-3DA5-7B9B-1729-C64ECDA252B1}"
EndProject
Project("{FAE04EC0-301F-11D3-BF4B-00C04F79EFBC}") = "PhotonUnityNetworking.Utilities.PhotonPlayer.Editor", "PhotonUnityNetworking.Utilities.PhotonPlayer.Editor.csproj", "{21104C77-FEF4-5DFC-2F75-F57B248DE03D}"
EndProject
Project("{FAE04EC0-301F-11D3-BF4B-00C04F79EFBC}") = "PhotonUnityNetworking.Utilities.Culling.Editor", "PhotonUnityNetworking.Utilities.Culling.Editor.csproj", "{110F8937-EDCE-7B2C-94E6-97732FE5FF5B}"
EndProject
Project("{FAE04EC0-301F-11D3-BF4B-00C04F79EFBC}") = "PunDemos.DemoSlotcarEditor", "PunDemos.DemoSlotcarEditor.csproj", "{78A6AFA9-9D58-3D14-0E02-5C1723CF714E}"
EndProject
Global
	GlobalSection(SolutionConfigurationPlatforms) = preSolution
		Debug|Any CPU = Debug|Any CPU
		Release|Any CPU = Release|Any CPU
	EndGlobalSection
	GlobalSection(ProjectConfigurationPlatforms) = postSolution
		{42A1BCD3-7603-CFA0-FE05-84B35BD19D2B}.Debug|Any CPU.ActiveCfg = Debug|Any CPU
		{42A1BCD3-7603-CFA0-FE05-84B35BD19D2B}.Debug|Any CPU.Build.0 = Debug|Any CPU
		{42A1BCD3-7603-CFA0-FE05-84B35BD19D2B}.Release|Any CPU.ActiveCfg = Release|Any CPU
		{42A1BCD3-7603-CFA0-FE05-84B35BD19D2B}.Release|Any CPU.Build.0 = Release|Any CPU
		{D4B58405-B7E3-446C-46ED-44BC6D5BC5D4}.Debug|Any CPU.ActiveCfg = Debug|Any CPU
		{D4B58405-B7E3-446C-46ED-44BC6D5BC5D4}.Debug|Any CPU.Build.0 = Debug|Any CPU
		{D4B58405-B7E3-446C-46ED-44BC6D5BC5D4}.Release|Any CPU.ActiveCfg = Release|Any CPU
		{D4B58405-B7E3-446C-46ED-44BC6D5BC5D4}.Release|Any CPU.Build.0 = Release|Any CPU
		{3F6A51CE-D7DF-C965-2E0E-C32C2C4A36AB}.Debug|Any CPU.ActiveCfg = Debug|Any CPU
		{3F6A51CE-D7DF-C965-2E0E-C32C2C4A36AB}.Debug|Any CPU.Build.0 = Debug|Any CPU
		{3F6A51CE-D7DF-C965-2E0E-C32C2C4A36AB}.Release|Any CPU.ActiveCfg = Release|Any CPU
		{3F6A51CE-D7DF-C965-2E0E-C32C2C4A36AB}.Release|Any CPU.Build.0 = Release|Any CPU
		{757BA025-2305-0342-91A2-05031A556765}.Debug|Any CPU.ActiveCfg = Debug|Any CPU
		{757BA025-2305-0342-91A2-05031A556765}.Debug|Any CPU.Build.0 = Debug|Any CPU
		{757BA025-2305-0342-91A2-05031A556765}.Release|Any CPU.ActiveCfg = Release|Any CPU
		{757BA025-2305-0342-91A2-05031A556765}.Release|Any CPU.Build.0 = Release|Any CPU
		{CF9425E7-1E4C-DD3A-3C9F-6A2CBF9DFD51}.Debug|Any CPU.ActiveCfg = Debug|Any CPU
		{CF9425E7-1E4C-DD3A-3C9F-6A2CBF9DFD51}.Debug|Any CPU.Build.0 = Debug|Any CPU
		{CF9425E7-1E4C-DD3A-3C9F-6A2CBF9DFD51}.Release|Any CPU.ActiveCfg = Release|Any CPU
		{CF9425E7-1E4C-DD3A-3C9F-6A2CBF9DFD51}.Release|Any CPU.Build.0 = Release|Any CPU
		{E6C41305-0B9D-9CE3-5065-B5E9F833A1F0}.Debug|Any CPU.ActiveCfg = Debug|Any CPU
		{E6C41305-0B9D-9CE3-5065-B5E9F833A1F0}.Debug|Any CPU.Build.0 = Debug|Any CPU
		{E6C41305-0B9D-9CE3-5065-B5E9F833A1F0}.Release|Any CPU.ActiveCfg = Release|Any CPU
		{E6C41305-0B9D-9CE3-5065-B5E9F833A1F0}.Release|Any CPU.Build.0 = Release|Any CPU
		{4B3B22DA-C2B9-E6BC-47AA-18EF5ACE6F15}.Debug|Any CPU.ActiveCfg = Debug|Any CPU
		{4B3B22DA-C2B9-E6BC-47AA-18EF5ACE6F15}.Debug|Any CPU.Build.0 = Debug|Any CPU
		{4B3B22DA-C2B9-E6BC-47AA-18EF5ACE6F15}.Release|Any CPU.ActiveCfg = Release|Any CPU
		{4B3B22DA-C2B9-E6BC-47AA-18EF5ACE6F15}.Release|Any CPU.Build.0 = Release|Any CPU
		{F6CD9594-26D7-0C37-0342-018AC99BFC15}.Debug|Any CPU.ActiveCfg = Debug|Any CPU
		{F6CD9594-26D7-0C37-0342-018AC99BFC15}.Debug|Any CPU.Build.0 = Debug|Any CPU
		{F6CD9594-26D7-0C37-0342-018AC99BFC15}.Release|Any CPU.ActiveCfg = Release|Any CPU
		{F6CD9594-26D7-0C37-0342-018AC99BFC15}.Release|Any CPU.Build.0 = Release|Any CPU
		{42CACA43-96CA-A13F-816E-B9BA2FD07E38}.Debug|Any CPU.ActiveCfg = Debug|Any CPU
		{42CACA43-96CA-A13F-816E-B9BA2FD07E38}.Debug|Any CPU.Build.0 = Debug|Any CPU
		{42CACA43-96CA-A13F-816E-B9BA2FD07E38}.Release|Any CPU.ActiveCfg = Release|Any CPU
		{42CACA43-96CA-A13F-816E-B9BA2FD07E38}.Release|Any CPU.Build.0 = Release|Any CPU
		{9FECAEFB-D69E-1044-F58A-157449EF76E5}.Debug|Any CPU.ActiveCfg = Debug|Any CPU
		{9FECAEFB-D69E-1044-F58A-157449EF76E5}.Debug|Any CPU.Build.0 = Debug|Any CPU
		{9FECAEFB-D69E-1044-F58A-157449EF76E5}.Release|Any CPU.ActiveCfg = Release|Any CPU
		{9FECAEFB-D69E-1044-F58A-157449EF76E5}.Release|Any CPU.Build.0 = Release|Any CPU
		{51E21DCC-3DA5-7B9B-1729-C64ECDA252B1}.Debug|Any CPU.ActiveCfg = Debug|Any CPU
		{51E21DCC-3DA5-7B9B-1729-C64ECDA252B1}.Debug|Any CPU.Build.0 = Debug|Any CPU
		{51E21DCC-3DA5-7B9B-1729-C64ECDA252B1}.Release|Any CPU.ActiveCfg = Release|Any CPU
		{51E21DCC-3DA5-7B9B-1729-C64ECDA252B1}.Release|Any CPU.Build.0 = Release|Any CPU
		{21104C77-FEF4-5DFC-2F75-F57B248DE03D}.Debug|Any CPU.ActiveCfg = Debug|Any CPU
		{21104C77-FEF4-5DFC-2F75-F57B248DE03D}.Debug|Any CPU.Build.0 = Debug|Any CPU
		{21104C77-FEF4-5DFC-2F75-F57B248DE03D}.Release|Any CPU.ActiveCfg = Release|Any CPU
		{21104C77-FEF4-5DFC-2F75-F57B248DE03D}.Release|Any CPU.Build.0 = Release|Any CPU
		{110F8937-EDCE-7B2C-94E6-97732FE5FF5B}.Debug|Any CPU.ActiveCfg = Debug|Any CPU
		{110F8937-EDCE-7B2C-94E6-97732FE5FF5B}.Debug|Any CPU.Build.0 = Debug|Any CPU
		{110F8937-EDCE-7B2C-94E6-97732FE5FF5B}.Release|Any CPU.ActiveCfg = Release|Any CPU
		{110F8937-EDCE-7B2C-94E6-97732FE5FF5B}.Release|Any CPU.Build.0 = Release|Any CPU
		{78A6AFA9-9D58-3D14-0E02-5C1723CF714E}.Debug|Any CPU.ActiveCfg = Debug|Any CPU
		{78A6AFA9-9D58-3D14-0E02-5C1723CF714E}.Debug|Any CPU.Build.0 = Debug|Any CPU
		{78A6AFA9-9D58-3D14-0E02-5C1723CF714E}.Release|Any CPU.ActiveCfg = Release|Any CPU
		{78A6AFA9-9D58-3D14-0E02-5C1723CF714E}.Release|Any CPU.Build.0 = Release|Any CPU
	EndGlobalSection
	GlobalSection(SolutionProperties) = preSolution
		HideSolutionNode = FALSE
	EndGlobalSection
	GlobalSection(MonoDevelopProperties) = preSolution
		StartupItem = Assembly-CSharp.csproj
	EndGlobalSection
EndGlobal
