Microsoft Visual Studio Solution File, Format Version 11.00
# Visual Studio 2010
Project("{FAE04EC0-301F-11D3-BF4B-00C04F79EFBC}") = "PhotonUnityNetworking.Demos", "PhotonUnityNetworking.Demos.csproj", "{20FC4260-775D-C189-8CC4-1136E7540914}"
EndProject
Project("{FAE04EC0-301F-11D3-BF4B-00C04F79EFBC}") = "Assembly-CSharp", "Assembly-CSharp.csproj", "{BDBCE7D3-139D-3EDB-816D-FB1D73476D25}"
EndProject
Project("{FAE04EC0-301F-11D3-BF4B-00C04F79EFBC}") = "PhotonUnityNetworking.Utilities", "PhotonUnityNetworking.Utilities.csproj", "{F2CEAC4C-A19C-1480-0AA4-2261B98171C8}"
EndProject
Project("{FAE04EC0-301F-11D3-BF4B-00C04F79EFBC}") = "PhotonChat", "PhotonChat.csproj", "{01F4A8B1-14E7-2D58-C6A3-E2661C551178}"
EndProject
Project("{FAE04EC0-301F-11D3-BF4B-00C04F79EFBC}") = "PhotonUnityNetworking", "PhotonUnityNetworking.csproj", "{CBF5597D-A043-8780-5145-C7890AEC62D4}"
EndProject
Project("{FAE04EC0-301F-11D3-BF4B-00C04F79EFBC}") = "PhotonRealtime", "PhotonRealtime.csproj", "{D0A0DDB1-81CE-7380-A25E-0027BCDC94D1}"
EndProject
Project("{FAE04EC0-301F-11D3-BF4B-00C04F79EFBC}") = "PhotonWebSocket", "PhotonWebSocket.csproj", "{FE8676FC-8FAC-4300-ED72-6086C3AE0C63}"
EndProject
Project("{FAE04EC0-301F-11D3-BF4B-00C04F79EFBC}") = "PhotonUnityNetworking.Editor", "PhotonUnityNetworking.Editor.csproj", "{00DF7ED5-5887-51A9-0A25-E5F332A7B311}"
EndProject
Project("{FAE04EC0-301F-11D3-BF4B-00C04F79EFBC}") = "PunDemos.DemoHubEditor", "PunDemos.DemoHubEditor.csproj", "{DA0E7310-5FE2-813F-95A6-CDCE598C2037}"
EndProject
Project("{FAE04EC0-301F-11D3-BF4B-00C04F79EFBC}") = "PhotonUnityNetworking.Utilities.PhotonPlayer.Editor", "PhotonUnityNetworking.Utilities.PhotonPlayer.Editor.csproj", "{827143B0-B1F1-9828-8ACD-9377537AE363}"
EndProject
Project("{FAE04EC0-301F-11D3-BF4B-00C04F79EFBC}") = "PhotonUnityNetworking.Utilities.Culling.Editor", "PhotonUnityNetworking.Utilities.Culling.Editor.csproj", "{E5C17868-52FE-6452-203D-56FF50A46458}"
EndProject
Project("{FAE04EC0-301F-11D3-BF4B-00C04F79EFBC}") = "PunDemos.DemoSlotcarEditor", "PunDemos.DemoSlotcarEditor.csproj", "{3DB27C7F-AB6B-C950-6F89-A81F999E3AD3}"
EndProject
Global
	GlobalSection(SolutionConfigurationPlatforms) = preSolution
		Debug|Any CPU = Debug|Any CPU
		Release|Any CPU = Release|Any CPU
	EndGlobalSection
	GlobalSection(ProjectConfigurationPlatforms) = postSolution
		{20FC4260-775D-C189-8CC4-1136E7540914}.Debug|Any CPU.ActiveCfg = Debug|Any CPU
		{20FC4260-775D-C189-8CC4-1136E7540914}.Debug|Any CPU.Build.0 = Debug|Any CPU
		{20FC4260-775D-C189-8CC4-1136E7540914}.Release|Any CPU.ActiveCfg = Release|Any CPU
		{20FC4260-775D-C189-8CC4-1136E7540914}.Release|Any CPU.Build.0 = Release|Any CPU
		{BDBCE7D3-139D-3EDB-816D-FB1D73476D25}.Debug|Any CPU.ActiveCfg = Debug|Any CPU
		{BDBCE7D3-139D-3EDB-816D-FB1D73476D25}.Debug|Any CPU.Build.0 = Debug|Any CPU
		{BDBCE7D3-139D-3EDB-816D-FB1D73476D25}.Release|Any CPU.ActiveCfg = Release|Any CPU
		{BDBCE7D3-139D-3EDB-816D-FB1D73476D25}.Release|Any CPU.Build.0 = Release|Any CPU
		{F2CEAC4C-A19C-1480-0AA4-2261B98171C8}.Debug|Any CPU.ActiveCfg = Debug|Any CPU
		{F2CEAC4C-A19C-1480-0AA4-2261B98171C8}.Debug|Any CPU.Build.0 = Debug|Any CPU
		{F2CEAC4C-A19C-1480-0AA4-2261B98171C8}.Release|Any CPU.ActiveCfg = Release|Any CPU
		{F2CEAC4C-A19C-1480-0AA4-2261B98171C8}.Release|Any CPU.Build.0 = Release|Any CPU
		{01F4A8B1-14E7-2D58-C6A3-E2661C551178}.Debug|Any CPU.ActiveCfg = Debug|Any CPU
		{01F4A8B1-14E7-2D58-C6A3-E2661C551178}.Debug|Any CPU.Build.0 = Debug|Any CPU
		{01F4A8B1-14E7-2D58-C6A3-E2661C551178}.Release|Any CPU.ActiveCfg = Release|Any CPU
		{01F4A8B1-14E7-2D58-C6A3-E2661C551178}.Release|Any CPU.Build.0 = Release|Any CPU
		{CBF5597D-A043-8780-5145-C7890AEC62D4}.Debug|Any CPU.ActiveCfg = Debug|Any CPU
		{CBF5597D-A043-8780-5145-C7890AEC62D4}.Debug|Any CPU.Build.0 = Debug|Any CPU
		{CBF5597D-A043-8780-5145-C7890AEC62D4}.Release|Any CPU.ActiveCfg = Release|Any CPU
		{CBF5597D-A043-8780-5145-C7890AEC62D4}.Release|Any CPU.Build.0 = Release|Any CPU
		{D0A0DDB1-81CE-7380-A25E-0027BCDC94D1}.Debug|Any CPU.ActiveCfg = Debug|Any CPU
		{D0A0DDB1-81CE-7380-A25E-0027BCDC94D1}.Debug|Any CPU.Build.0 = Debug|Any CPU
		{D0A0DDB1-81CE-7380-A25E-0027BCDC94D1}.Release|Any CPU.ActiveCfg = Release|Any CPU
		{D0A0DDB1-81CE-7380-A25E-0027BCDC94D1}.Release|Any CPU.Build.0 = Release|Any CPU
		{FE8676FC-8FAC-4300-ED72-6086C3AE0C63}.Debug|Any CPU.ActiveCfg = Debug|Any CPU
		{FE8676FC-8FAC-4300-ED72-6086C3AE0C63}.Debug|Any CPU.Build.0 = Debug|Any CPU
		{FE8676FC-8FAC-4300-ED72-6086C3AE0C63}.Release|Any CPU.ActiveCfg = Release|Any CPU
		{FE8676FC-8FAC-4300-ED72-6086C3AE0C63}.Release|Any CPU.Build.0 = Release|Any CPU
		{00DF7ED5-5887-51A9-0A25-E5F332A7B311}.Debug|Any CPU.ActiveCfg = Debug|Any CPU
		{00DF7ED5-5887-51A9-0A25-E5F332A7B311}.Debug|Any CPU.Build.0 = Debug|Any CPU
		{00DF7ED5-5887-51A9-0A25-E5F332A7B311}.Release|Any CPU.ActiveCfg = Release|Any CPU
		{00DF7ED5-5887-51A9-0A25-E5F332A7B311}.Release|Any CPU.Build.0 = Release|Any CPU
		{DA0E7310-5FE2-813F-95A6-CDCE598C2037}.Debug|Any CPU.ActiveCfg = Debug|Any CPU
		{DA0E7310-5FE2-813F-95A6-CDCE598C2037}.Debug|Any CPU.Build.0 = Debug|Any CPU
		{DA0E7310-5FE2-813F-95A6-CDCE598C2037}.Release|Any CPU.ActiveCfg = Release|Any CPU
		{DA0E7310-5FE2-813F-95A6-CDCE598C2037}.Release|Any CPU.Build.0 = Release|Any CPU
		{827143B0-B1F1-9828-8ACD-9377537AE363}.Debug|Any CPU.ActiveCfg = Debug|Any CPU
		{827143B0-B1F1-9828-8ACD-9377537AE363}.Debug|Any CPU.Build.0 = Debug|Any CPU
		{827143B0-B1F1-9828-8ACD-9377537AE363}.Release|Any CPU.ActiveCfg = Release|Any CPU
		{827143B0-B1F1-9828-8ACD-9377537AE363}.Release|Any CPU.Build.0 = Release|Any CPU
		{E5C17868-52FE-6452-203D-56FF50A46458}.Debug|Any CPU.ActiveCfg = Debug|Any CPU
		{E5C17868-52FE-6452-203D-56FF50A46458}.Debug|Any CPU.Build.0 = Debug|Any CPU
		{E5C17868-52FE-6452-203D-56FF50A46458}.Release|Any CPU.ActiveCfg = Release|Any CPU
		{E5C17868-52FE-6452-203D-56FF50A46458}.Release|Any CPU.Build.0 = Release|Any CPU
		{3DB27C7F-AB6B-C950-6F89-A81F999E3AD3}.Debug|Any CPU.ActiveCfg = Debug|Any CPU
		{3DB27C7F-AB6B-C950-6F89-A81F999E3AD3}.Debug|Any CPU.Build.0 = Debug|Any CPU
		{3DB27C7F-AB6B-C950-6F89-A81F999E3AD3}.Release|Any CPU.ActiveCfg = Release|Any CPU
		{3DB27C7F-AB6B-C950-6F89-A81F999E3AD3}.Release|Any CPU.Build.0 = Release|Any CPU
	EndGlobalSection
	GlobalSection(SolutionProperties) = preSolution
		HideSolutionNode = FALSE
	EndGlobalSection
	GlobalSection(MonoDevelopProperties) = preSolution
		StartupItem = Assembly-CSharp.csproj
	EndGlobalSection
EndGlobal
